
Microsoft Visual Studio Solution File, Format Version 12.00
# Visual Studio Version 17
VisualStudioVersion = 17.9.34728.123
MinimumVisualStudioVersion = 10.0.40219.1
Project("{FAE04EC0-301F-11D3-BF4B-00C04F79EFBC}") = "4numeroseinvertidos2429841", "4numeroseinvertidos2429841\4numeroseinvertidos2429841.csproj", "{EF4F153C-BDD4-41D9-AB59-E4F042AB9297}"
EndProject
Global
	GlobalSection(SolutionConfigurationPlatforms) = preSolution
		Debug|Any CPU = Debug|Any CPU
		Release|Any CPU = Release|Any CPU
	EndGlobalSection
	GlobalSection(ProjectConfigurationPlatforms) = postSolution
		{EF4F153C-BDD4-41D9-AB59-E4F042AB9297}.Debug|Any CPU.ActiveCfg = Debug|Any CPU
		{EF4F153C-BDD4-41D9-AB59-E4F042AB9297}.Debug|Any CPU.Build.0 = Debug|Any CPU
		{EF4F153C-BDD4-41D9-AB59-E4F042AB9297}.Debug|Any CPU.Deploy.0 = Debug|Any CPU
		{EF4F153C-BDD4-41D9-AB59-E4F042AB9297}.Release|Any CPU.ActiveCfg = Release|Any CPU
		{EF4F153C-BDD4-41D9-AB59-E4F042AB9297}.Release|Any CPU.Build.0 = Release|Any CPU
		{EF4F153C-BDD4-41D9-AB59-E4F042AB9297}.Release|Any CPU.Deploy.0 = Release|Any CPU
	EndGlobalSection
	GlobalSection(SolutionProperties) = preSolution
		HideSolutionNode = FALSE
	EndGlobalSection
	GlobalSection(ExtensibilityGlobals) = postSolution
		SolutionGuid = {BF939F55-7DF1-4BB8-9332-A6064EBC00F9}
	EndGlobalSection
EndGlobal
